
Microsoft Visual Studio Solution File, Format Version 12.00
# Visual Studio Version 16
VisualStudioVersion = 16.0.30907.101
MinimumVisualStudioVersion = 10.0.40219.1
Project("{9A19103F-16F7-4668-BE54-9A1E7A4F7556}") = "CpmPedidos.Domain", "CpmPedidos.Domain\CpmPedidos.Domain.csproj", "{450EE908-2EC2-4BA0-B900-44C88CC7EA14}"
EndProject
Project("{9A19103F-16F7-4668-BE54-9A1E7A4F7556}") = "CpmPedidos.Interface", "CpmPedidos.Interface\CpmPedidos.Interface.csproj", "{91E52418-F6A8-418D-AD2D-3DA810584482}"
EndProject
Project("{9A19103F-16F7-4668-BE54-9A1E7A4F7556}") = "CpmPedidos.API", "CpmPedidos.API\CpmPedidos.API.csproj", "{61968A66-C663-4F51-9E13-B64612C999B7}"
EndProject
Project("{FAE04EC0-301F-11D3-BF4B-00C04F79EFBC}") = "CpmPedidos.Repository", "CpmPedidos.Repository\CpmPedidos.Repository.csproj", "{034C05EC-12E6-4BE6-A0FF-3D21A5DDB5EF}"
EndProject
Global
	GlobalSection(SolutionConfigurationPlatforms) = preSolution
		Debug|Any CPU = Debug|Any CPU
		Release|Any CPU = Release|Any CPU
	EndGlobalSection
	GlobalSection(ProjectConfigurationPlatforms) = postSolution
		{450EE908-2EC2-4BA0-B900-44C88CC7EA14}.Debug|Any CPU.ActiveCfg = Debug|Any CPU
		{450EE908-2EC2-4BA0-B900-44C88CC7EA14}.Debug|Any CPU.Build.0 = Debug|Any CPU
		{450EE908-2EC2-4BA0-B900-44C88CC7EA14}.Release|Any CPU.ActiveCfg = Release|Any CPU
		{450EE908-2EC2-4BA0-B900-44C88CC7EA14}.Release|Any CPU.Build.0 = Release|Any CPU
		{91E52418-F6A8-418D-AD2D-3DA810584482}.Debug|Any CPU.ActiveCfg = Debug|Any CPU
		{91E52418-F6A8-418D-AD2D-3DA810584482}.Debug|Any CPU.Build.0 = Debug|Any CPU
		{91E52418-F6A8-418D-AD2D-3DA810584482}.Release|Any CPU.ActiveCfg = Release|Any CPU
		{91E52418-F6A8-418D-AD2D-3DA810584482}.Release|Any CPU.Build.0 = Release|Any CPU
		{61968A66-C663-4F51-9E13-B64612C999B7}.Debug|Any CPU.ActiveCfg = Debug|Any CPU
		{61968A66-C663-4F51-9E13-B64612C999B7}.Debug|Any CPU.Build.0 = Debug|Any CPU
		{61968A66-C663-4F51-9E13-B64612C999B7}.Release|Any CPU.ActiveCfg = Release|Any CPU
		{61968A66-C663-4F51-9E13-B64612C999B7}.Release|Any CPU.Build.0 = Release|Any CPU
		{034C05EC-12E6-4BE6-A0FF-3D21A5DDB5EF}.Debug|Any CPU.ActiveCfg = Debug|Any CPU
		{034C05EC-12E6-4BE6-A0FF-3D21A5DDB5EF}.Debug|Any CPU.Build.0 = Debug|Any CPU
		{034C05EC-12E6-4BE6-A0FF-3D21A5DDB5EF}.Release|Any CPU.ActiveCfg = Release|Any CPU
		{034C05EC-12E6-4BE6-A0FF-3D21A5DDB5EF}.Release|Any CPU.Build.0 = Release|Any CPU
	EndGlobalSection
	GlobalSection(SolutionProperties) = preSolution
		HideSolutionNode = FALSE
	EndGlobalSection
	GlobalSection(ExtensibilityGlobals) = postSolution
		SolutionGuid = {1273C627-5954-4445-88DF-68C6952B4FCE}
	EndGlobalSection
EndGlobal
